<?xml version="1.0" encoding="utf-8"?>
<Project ToolsVersion="4.0" xmlns="http://schemas.microsoft.com/developer/msbuild/2003">
  <ItemGroup>
    <Filter Include="Platform">
      <UniqueIdentifier>{2AC788B4-1694-E3BF-3FAD-D1672BD9184E}</UniqueIdentifier>
    </Filter>
    <Filter Include="Platform\OpenGL">
      <UniqueIdentifier>{1E7D2C1D-8A08-9AE1-9319-1DD6FF23F6E1}</UniqueIdentifier>
    </Filter>
    <Filter Include="Platform\Windows">
      <UniqueIdentifier>{64FBD71A-50F4-F66C-7926-DCF1657ED678}</UniqueIdentifier>
    </Filter>
    <Filter Include="RXNEngine">
      <UniqueIdentifier>{3330CD95-9F9A-810C-E8D8-32B254825F61}</UniqueIdentifier>
    </Filter>
    <Filter Include="RXNEngine\Events">
      <UniqueIdentifier>{B744AAA1-A33D-C9F3-CC6F-AE78B8C7A8FF}</UniqueIdentifier>
    </Filter>
    <Filter Include="RXNEngine\ImGui">
      <UniqueIdentifier>{9DBFD3AF-094B-4174-125C-C4687E669D74}</UniqueIdentifier>
    </Filter>
  </ItemGroup>
  <ItemGroup>
    <ClInclude Include="src\Platform\OpenGL\ImGuiOpenGLRenderer.h">
      <Filter>Platform\OpenGL</Filter>
    </ClInclude>
    <ClInclude Include="src\Platform\Windows\WindowsWindow.h">
      <Filter>Platform\Windows</Filter>
    </ClInclude>
    <ClInclude Include="src\RXNEngine.h" />
    <ClInclude Include="src\RXNEngine\Application.h">
      <Filter>RXNEngine</Filter>
    </ClInclude>
    <ClInclude Include="src\RXNEngine\Core.h">
      <Filter>RXNEngine</Filter>
    </ClInclude>
    <ClInclude Include="src\RXNEngine\EntryPoint.h">
      <Filter>RXNEngine</Filter>
    </ClInclude>
    <ClInclude Include="src\RXNEngine\Events\ApplicationEvent.h">
      <Filter>RXNEngine\Events</Filter>
    </ClInclude>
    <ClInclude Include="src\RXNEngine\Events\Event.h">
      <Filter>RXNEngine\Events</Filter>
    </ClInclude>
    <ClInclude Include="src\RXNEngine\Events\KeyEvent.h">
      <Filter>RXNEngine\Events</Filter>
    </ClInclude>
    <ClInclude Include="src\RXNEngine\Events\MouseEvent.h">
      <Filter>RXNEngine\Events</Filter>
    </ClInclude>
    <ClInclude Include="src\RXNEngine\ImGui\ImGuiLayer.h">
      <Filter>RXNEngine\ImGui</Filter>
    </ClInclude>
    <ClInclude Include="src\RXNEngine\Layer.h">
      <Filter>RXNEngine</Filter>
    </ClInclude>
    <ClInclude Include="src\RXNEngine\LayerStack.h">
      <Filter>RXNEngine</Filter>
    </ClInclude>
    <ClInclude Include="src\RXNEngine\Log.h">
      <Filter>RXNEngine</Filter>
    </ClInclude>
    <ClInclude Include="src\RXNEngine\Window.h">
      <Filter>RXNEngine</Filter>
    </ClInclude>
    <ClInclude Include="src\rxnpch.h" />
    <ClInclude Include="src\RXNEngine\Input.h" />
    <ClInclude Include="src\Platform\Windows\WindowsInput.h" />
  </ItemGroup>
  <ItemGroup>
    <ClCompile Include="src\Platform\OpenGL\ImGuiOpenGLRenderer.cpp">
      <Filter>Platform\OpenGL</Filter>
    </ClCompile>
    <ClCompile Include="src\Platform\Windows\WindowsWindow.cpp">
      <Filter>Platform\Windows</Filter>
    </ClCompile>
    <ClCompile Include="src\RXNEngine\Application.cpp">
      <Filter>RXNEngine</Filter>
    </ClCompile>
    <ClCompile Include="src\RXNEngine\ImGui\ImGuiLayer.cpp">
      <Filter>RXNEngine\ImGui</Filter>
    </ClCompile>
    <ClCompile Include="src\RXNEngine\Layer.cpp">
      <Filter>RXNEngine</Filter>
    </ClCompile>
    <ClCompile Include="src\RXNEngine\LayerStack.cpp">
      <Filter>RXNEngine</Filter>
    </ClCompile>
    <ClCompile Include="src\RXNEngine\Log.cpp">
      <Filter>RXNEngine</Filter>
    </ClCompile>
    <ClCompile Include="src\rxnpch.cpp" />
    <ClCompile Include="src\Platform\Windows\WindowsInput.cpp" />
  </ItemGroup>
</Project>