<?xml version="1.0" encoding="utf-8"?>
<Project ToolsVersion="4.0" xmlns="http://schemas.microsoft.com/developer/msbuild/2003">
  <ItemGroup>
    <Filter Include="RXNEngine">
      <UniqueIdentifier>{3330CD95-9F9A-810C-E8D8-32B254825F61}</UniqueIdentifier>
    </Filter>
  </ItemGroup>
  <ItemGroup>
    <ClInclude Include="src\RXNEngine.h" />
    <ClInclude Include="src\RXNEngine\Application.h">
      <Filter>RXNEngine</Filter>
    </ClInclude>
    <ClInclude Include="src\RXNEngine\Core.h">
      <Filter>RXNEngine</Filter>
    </ClInclude>
    <ClInclude Include="src\RXNEngine\EntryPoint.h">
      <Filter>RXNEngine</Filter>
    </ClInclude>
    <ClInclude Include="src\RXNEngine\Log.h">
      <Filter>RXNEngine</Filter>
    </ClInclude>
  </ItemGroup>
  <ItemGroup>
    <ClCompile Include="src\RXNEngine\Application.cpp">
      <Filter>RXNEngine</Filter>
    </ClCompile>
    <ClCompile Include="src\RXNEngine\Log.cpp">
      <Filter>RXNEngine</Filter>
    </ClCompile>
  </ItemGroup>
</Project>